
Microsoft Visual Studio Solution File, Format Version 12.00
# Visual Studio 15
VisualStudioVersion = 15.0.27703.2047
MinimumVisualStudioVersion = 10.0.40219.1
Project("{FAE04EC0-301F-11D3-BF4B-00C04F79EFBC}") = "TodoActions", "TodoActions\TodoActions.csproj", "{185A8919-ED5E-42A1-83B8-2AC3BA822526}"
EndProject
Global
	GlobalSection(SolutionConfigurationPlatforms) = preSolution
		Debug|Any CPU = Debug|Any CPU
		Release|Any CPU = Release|Any CPU
	EndGlobalSection
	GlobalSection(ProjectConfigurationPlatforms) = postSolution
		{185A8919-ED5E-42A1-83B8-2AC3BA822526}.Debug|Any CPU.ActiveCfg = Debug|Any CPU
		{185A8919-ED5E-42A1-83B8-2AC3BA822526}.Debug|Any CPU.Build.0 = Debug|Any CPU
		{185A8919-ED5E-42A1-83B8-2AC3BA822526}.Release|Any CPU.ActiveCfg = Release|Any CPU
		{185A8919-ED5E-42A1-83B8-2AC3BA822526}.Release|Any CPU.Build.0 = Release|Any CPU
	EndGlobalSection
	GlobalSection(SolutionProperties) = preSolution
		HideSolutionNode = FALSE
	EndGlobalSection
	GlobalSection(ExtensibilityGlobals) = postSolution
		SolutionGuid = {3EB92FC9-8C6B-4767-A723-B63C42D222DA}
	EndGlobalSection
EndGlobal
